
Microsoft Visual Studio Solution File, Format Version 12.00
# Visual Studio Version 17
VisualStudioVersion = 17.8.34322.80
MinimumVisualStudioVersion = 10.0.40219.1
Project("{FAE04EC0-301F-11D3-BF4B-00C04F79EFBC}") = "CarRentalSystem00016495.Api", "CarRentalSystem00016495.Api\CarRentalSystem00016495.Api.csproj", "{94C1ACB2-EFEA-45B1-8AAF-FC99159B31F3}"
EndProject
Global
	GlobalSection(SolutionConfigurationPlatforms) = preSolution
		Debug|Any CPU = Debug|Any CPU
		Release|Any CPU = Release|Any CPU
	EndGlobalSection
	GlobalSection(ProjectConfigurationPlatforms) = postSolution
		{94C1ACB2-EFEA-45B1-8AAF-FC99159B31F3}.Debug|Any CPU.ActiveCfg = Debug|Any CPU
		{94C1ACB2-EFEA-45B1-8AAF-FC99159B31F3}.Debug|Any CPU.Build.0 = Debug|Any CPU
		{94C1ACB2-EFEA-45B1-8AAF-FC99159B31F3}.Release|Any CPU.ActiveCfg = Release|Any CPU
		{94C1ACB2-EFEA-45B1-8AAF-FC99159B31F3}.Release|Any CPU.Build.0 = Release|Any CPU
	EndGlobalSection
	GlobalSection(SolutionProperties) = preSolution
		HideSolutionNode = FALSE
	EndGlobalSection
	GlobalSection(ExtensibilityGlobals) = postSolution
		SolutionGuid = {45E13A37-35B5-4DA3-8BCA-9AABA897936C}
	EndGlobalSection
EndGlobal
